
Microsoft Visual Studio Solution File, Format Version 12.00
# Visual Studio Version 16
VisualStudioVersion = 16.0.31624.102
MinimumVisualStudioVersion = 10.0.40219.1
Project("{FAE04EC0-301F-11D3-BF4B-00C04F79EFBC}") = "NestedUnitTests.2019", "NestedUnitTests.2019\NestedUnitTests.2019.csproj", "{947B9728-E2FB-46E9-AD28-3E93FECF2C9D}"
EndProject
Global
	GlobalSection(SolutionConfigurationPlatforms) = preSolution
		Debug|Any CPU = Debug|Any CPU
		Release|Any CPU = Release|Any CPU
	EndGlobalSection
	GlobalSection(ProjectConfigurationPlatforms) = postSolution
		{947B9728-E2FB-46E9-AD28-3E93FECF2C9D}.Debug|Any CPU.ActiveCfg = Debug|Any CPU
		{947B9728-E2FB-46E9-AD28-3E93FECF2C9D}.Debug|Any CPU.Build.0 = Debug|Any CPU
		{947B9728-E2FB-46E9-AD28-3E93FECF2C9D}.Release|Any CPU.ActiveCfg = Release|Any CPU
		{947B9728-E2FB-46E9-AD28-3E93FECF2C9D}.Release|Any CPU.Build.0 = Release|Any CPU
	EndGlobalSection
	GlobalSection(SolutionProperties) = preSolution
		HideSolutionNode = FALSE
	EndGlobalSection
	GlobalSection(ExtensibilityGlobals) = postSolution
		SolutionGuid = {F294EDF1-ECCD-4F7C-8028-CC9C1CC05FD3}
	EndGlobalSection
EndGlobal
